// !$*UTF8*$!
{
	archiveVersion = 1;
	classes = {
	};
	objectVersion = 46;
	objects = {

/* Begin PBXBuildFile section */
		7920253E1D0654A7002F1FFB /* WXDelicacyViewController.m in Sources */ = {isa = PBXBuildFile; fileRef = 7920253D1D0654A7002F1FFB /* WXDelicacyViewController.m */; };
		792025631D067615002F1FFB /* AFHTTPRequestOperation.m in Sources */ = {isa = PBXBuildFile; fileRef = 792025511D067615002F1FFB /* AFHTTPRequestOperation.m */; };
		792025641D067615002F1FFB /* AFHTTPRequestOperationManager.m in Sources */ = {isa = PBXBuildFile; fileRef = 792025531D067615002F1FFB /* AFHTTPRequestOperationManager.m */; };
		792025651D067615002F1FFB /* AFHTTPSessionManager.m in Sources */ = {isa = PBXBuildFile; fileRef = 792025551D067615002F1FFB /* AFHTTPSessionManager.m */; };
		792025661D067615002F1FFB /* AFNetworkReachabilityManager.m in Sources */ = {isa = PBXBuildFile; fileRef = 792025581D067615002F1FFB /* AFNetworkReachabilityManager.m */; };
		792025671D067615002F1FFB /* AFSecurityPolicy.m in Sources */ = {isa = PBXBuildFile; fileRef = 7920255A1D067615002F1FFB /* AFSecurityPolicy.m */; };
		792025681D067615002F1FFB /* AFURLConnectionOperation.m in Sources */ = {isa = PBXBuildFile; fileRef = 7920255C1D067615002F1FFB /* AFURLConnectionOperation.m */; };
		792025691D067615002F1FFB /* AFURLRequestSerialization.m in Sources */ = {isa = PBXBuildFile; fileRef = 7920255E1D067615002F1FFB /* AFURLRequestSerialization.m */; };
		7920256A1D067615002F1FFB /* AFURLResponseSerialization.m in Sources */ = {isa = PBXBuildFile; fileRef = 792025601D067615002F1FFB /* AFURLResponseSerialization.m */; };
		7920256B1D067615002F1FFB /* AFURLSessionManager.m in Sources */ = {isa = PBXBuildFile; fileRef = 792025621D067615002F1FFB /* AFURLSessionManager.m */; };
		792025771D06C158002F1FFB /* WXDelicacyDetailViewController.m in Sources */ = {isa = PBXBuildFile; fileRef = 792025761D06C158002F1FFB /* WXDelicacyDetailViewController.m */; };
		7920257A1D07C205002F1FFB /* WXBigPic.m in Sources */ = {isa = PBXBuildFile; fileRef = 792025791D07C205002F1FFB /* WXBigPic.m */; };
		7920257D1D07FEFD002F1FFB /* WXBusinessDetailViewController.m in Sources */ = {isa = PBXBuildFile; fileRef = 7920257C1D07FEFD002F1FFB /* WXBusinessDetailViewController.m */; };
		79DE35131CFECDEA00BBD57D /* nav_bg.png in Resources */ = {isa = PBXBuildFile; fileRef = 79DE35121CFECDEA00BBD57D /* nav_bg.png */; };
		841A95B51CFDAEDA004D753B /* XBCYWTests.m in Sources */ = {isa = PBXBuildFile; fileRef = 841A95B41CFDAEDA004D753B /* XBCYWTests.m */; };
		841A95C01CFDAEDA004D753B /* XBCYWUITests.m in Sources */ = {isa = PBXBuildFile; fileRef = 841A95BF1CFDAEDA004D753B /* XBCYWUITests.m */; };
		841A95FB1CFDB45D004D753B /* AppDelegate.m in Sources */ = {isa = PBXBuildFile; fileRef = 841A95ED1CFDB45C004D753B /* AppDelegate.m */; };
		841A95FC1CFDB45D004D753B /* ViewController.m in Sources */ = {isa = PBXBuildFile; fileRef = 841A95EF1CFDB45C004D753B /* ViewController.m */; };
		841A96021CFDB4F4004D753B /* Info.plist in Resources */ = {isa = PBXBuildFile; fileRef = 841A96011CFDB4F4004D753B /* Info.plist */; };
		841A96041CFDB53B004D753B /* main.m in Sources */ = {isa = PBXBuildFile; fileRef = 841A96031CFDB53B004D753B /* main.m */; };
		841A96071CFDB59B004D753B /* LaunchScreen.storyboard in Resources */ = {isa = PBXBuildFile; fileRef = 841A96051CFDB59B004D753B /* LaunchScreen.storyboard */; };
		841A96081CFDB59B004D753B /* Main.storyboard in Resources */ = {isa = PBXBuildFile; fileRef = 841A96061CFDB59B004D753B /* Main.storyboard */; };
		841A960B1CFE726C004D753B /* UIView+Extension.m in Sources */ = {isa = PBXBuildFile; fileRef = 841A960A1CFE726C004D753B /* UIView+Extension.m */; };
		841A96101CFE7287004D753B /* WXNavigationController.m in Sources */ = {isa = PBXBuildFile; fileRef = 841A960D1CFE7287004D753B /* WXNavigationController.m */; };
		841A96111CFE7287004D753B /* WXTabBarController.m in Sources */ = {isa = PBXBuildFile; fileRef = 841A960F1CFE7287004D753B /* WXTabBarController.m */; };
		841A961A1CFE7A20004D753B /* WXBusinessViewController.m in Sources */ = {isa = PBXBuildFile; fileRef = 841A96191CFE7A20004D753B /* WXBusinessViewController.m */; };
		841A96231CFE7B16004D753B /* WXMoreViewController.m in Sources */ = {isa = PBXBuildFile; fileRef = 841A96221CFE7B16004D753B /* WXMoreViewController.m */; };
		841A97401CFE7CB5004D753B /* MDDataBaseUtil.m in Sources */ = {isa = PBXBuildFile; fileRef = 841A97371CFE7CB5004D753B /* MDDataBaseUtil.m */; };
		841A97411CFE7CB5004D753B /* MViewUtil.m in Sources */ = {isa = PBXBuildFile; fileRef = 841A97391CFE7CB5004D753B /* MViewUtil.m */; };
		841A97421CFE7CB5004D753B /* UILabel+WXStringFrame.m in Sources */ = {isa = PBXBuildFile; fileRef = 841A973B1CFE7CB5004D753B /* UILabel+WXStringFrame.m */; };
		841A97431CFE7CB5004D753B /* validateTest.m in Sources */ = {isa = PBXBuildFile; fileRef = 841A973D1CFE7CB5004D753B /* validateTest.m */; };
		841A97441CFE7CB5004D753B /* WXTopView.m in Sources */ = {isa = PBXBuildFile; fileRef = 841A973F1CFE7CB5004D753B /* WXTopView.m */; };
		841A97471CFE7D6C004D753B /* WXDiscoverViewController.m in Sources */ = {isa = PBXBuildFile; fileRef = 841A97461CFE7D6C004D753B /* WXDiscoverViewController.m */; };
		841A974B1CFE857A004D753B /* MBProgressHUD.m in Sources */ = {isa = PBXBuildFile; fileRef = 841A974A1CFE857A004D753B /* MBProgressHUD.m */; };
		841A974F1CFE8587004D753B /* SHLUILabel.m in Sources */ = {isa = PBXBuildFile; fileRef = 841A974E1CFE8587004D753B /* SHLUILabel.m */; };
		841A97511CFE86C3004D753B /* Assets.xcassets in Resources */ = {isa = PBXBuildFile; fileRef = 841A97501CFE86C3004D753B /* Assets.xcassets */; };
		841A97541CFEAEB7004D753B /* WXSearchBar.m in Sources */ = {isa = PBXBuildFile; fileRef = 841A97531CFEAEB7004D753B /* WXSearchBar.m */; };
		841A97571CFEDB8B004D753B /* 1.jpg in Resources */ = {isa = PBXBuildFile; fileRef = 841A97561CFEDB8B004D753B /* 1.jpg */; };
		841A975A1CFEDD42004D753B /* 3.jpg in Resources */ = {isa = PBXBuildFile; fileRef = 841A97581CFEDD42004D753B /* 3.jpg */; };
		841A975B1CFEDD42004D753B /* 2.jpg in Resources */ = {isa = PBXBuildFile; fileRef = 841A97591CFEDD42004D753B /* 2.jpg */; };
		841A975E1CFEE5D7004D753B /* WXHomeTableViewCell.m in Sources */ = {isa = PBXBuildFile; fileRef = 841A975D1CFEE5D7004D753B /* WXHomeTableViewCell.m */; };
		84600E321D066ED500699ADD /* newsImage1.jpg in Resources */ = {isa = PBXBuildFile; fileRef = 84600E311D066ED500699ADD /* newsImage1.jpg */; };
		84600E531D07A45000699ADD /* WXImageModel.m in Sources */ = {isa = PBXBuildFile; fileRef = 84600E4A1D07A45000699ADD /* WXImageModel.m */; };
		84600E541D07A45000699ADD /* WXMerchantModel.m in Sources */ = {isa = PBXBuildFile; fileRef = 84600E4C1D07A45000699ADD /* WXMerchantModel.m */; };
		84600E561D07A45000699ADD /* WXProductModel.m in Sources */ = {isa = PBXBuildFile; fileRef = 84600E501D07A45000699ADD /* WXProductModel.m */; };
		84600E571D07A45000699ADD /* WXTypeModel.m in Sources */ = {isa = PBXBuildFile; fileRef = 84600E521D07A45000699ADD /* WXTypeModel.m */; };
		84600E5A1D07A46400699ADD /* WXNewsModel.m in Sources */ = {isa = PBXBuildFile; fileRef = 84600E591D07A46400699ADD /* WXNewsModel.m */; };
		84600E5F1D07A4E500699ADD /* WJRefresh.m in Sources */ = {isa = PBXBuildFile; fileRef = 84600E5D1D07A4E500699ADD /* WJRefresh.m */; };
		84600E601D07A4E500699ADD /* WJRefreshArrow@2x.png in Resources */ = {isa = PBXBuildFile; fileRef = 84600E5E1D07A4E500699ADD /* WJRefreshArrow@2x.png */; };
		84600E631D07A57900699ADD /* WXNewsViewController.m in Sources */ = {isa = PBXBuildFile; fileRef = 84600E621D07A57900699ADD /* WXNewsViewController.m */; };
		84600E681D07A5E800699ADD /* WXHomeViewController.m in Sources */ = {isa = PBXBuildFile; fileRef = 84600E671D07A5E800699ADD /* WXHomeViewController.m */; };
		84600E6C1D08033200699ADD /* WXNewsTableViewCell.m in Sources */ = {isa = PBXBuildFile; fileRef = 84600E6B1D08033200699ADD /* WXNewsTableViewCell.m */; };
		84600E6F1D0819EE00699ADD /* WXdynamicTableViewCell.m in Sources */ = {isa = PBXBuildFile; fileRef = 84600E6E1D0819EE00699ADD /* WXdynamicTableViewCell.m */; };
/* End PBXBuildFile section */

/* Begin PBXContainerItemProxy section */
		841A95B11CFDAEDA004D753B /* PBXContainerItemProxy */ = {
			isa = PBXContainerItemProxy;
			containerPortal = 841A958F1CFDAED9004D753B /* Project object */;
			proxyType = 1;
			remoteGlobalIDString = 841A95961CFDAED9004D753B;
			remoteInfo = XBCYW;
		};
		841A95BC1CFDAEDA004D753B /* PBXContainerItemProxy */ = {
			isa = PBXContainerItemProxy;
			containerPortal = 841A958F1CFDAED9004D753B /* Project object */;
			proxyType = 1;
			remoteGlobalIDString = 841A95961CFDAED9004D753B;
			remoteInfo = XBCYW;
		};
/* End PBXContainerItemProxy section */

/* Begin PBXFileReference section */
		7920253C1D0654A7002F1FFB /* WXDelicacyViewController.h */ = {isa = PBXFileReference; fileEncoding = 4; lastKnownFileType = sourcecode.c.h; name = WXDelicacyViewController.h; path = "XBCYW/Delicacy（美食）/WXDelicacyViewController.h"; sourceTree = SOURCE_ROOT; };
		7920253D1D0654A7002F1FFB /* WXDelicacyViewController.m */ = {isa = PBXFileReference; fileEncoding = 4; lastKnownFileType = sourcecode.c.objc; name = WXDelicacyViewController.m; path = "XBCYW/Delicacy（美食）/WXDelicacyViewController.m"; sourceTree = SOURCE_ROOT; };
		792025501D067615002F1FFB /* AFHTTPRequestOperation.h */ = {isa = PBXFileReference; fileEncoding = 4; lastKnownFileType = sourcecode.c.h; path = AFHTTPRequestOperation.h; sourceTree = "<group>"; };
		792025511D067615002F1FFB /* AFHTTPRequestOperation.m */ = {isa = PBXFileReference; fileEncoding = 4; lastKnownFileType = sourcecode.c.objc; path = AFHTTPRequestOperation.m; sourceTree = "<group>"; };
		792025521D067615002F1FFB /* AFHTTPRequestOperationManager.h */ = {isa = PBXFileReference; fileEncoding = 4; lastKnownFileType = sourcecode.c.h; path = AFHTTPRequestOperationManager.h; sourceTree = "<group>"; };
		792025531D067615002F1FFB /* AFHTTPRequestOperationManager.m */ = {isa = PBXFileReference; fileEncoding = 4; lastKnownFileType = sourcecode.c.objc; path = AFHTTPRequestOperationManager.m; sourceTree = "<group>"; };
		792025541D067615002F1FFB /* AFHTTPSessionManager.h */ = {isa = PBXFileReference; fileEncoding = 4; lastKnownFileType = sourcecode.c.h; path = AFHTTPSessionManager.h; sourceTree = "<group>"; };
		792025551D067615002F1FFB /* AFHTTPSessionManager.m */ = {isa = PBXFileReference; fileEncoding = 4; lastKnownFileType = sourcecode.c.objc; path = AFHTTPSessionManager.m; sourceTree = "<group>"; };
		792025561D067615002F1FFB /* AFNetworking.h */ = {isa = PBXFileReference; fileEncoding = 4; lastKnownFileType = sourcecode.c.h; path = AFNetworking.h; sourceTree = "<group>"; };
		792025571D067615002F1FFB /* AFNetworkReachabilityManager.h */ = {isa = PBXFileReference; fileEncoding = 4; lastKnownFileType = sourcecode.c.h; path = AFNetworkReachabilityManager.h; sourceTree = "<group>"; };
		792025581D067615002F1FFB /* AFNetworkReachabilityManager.m */ = {isa = PBXFileReference; fileEncoding = 4; lastKnownFileType = sourcecode.c.objc; path = AFNetworkReachabilityManager.m; sourceTree = "<group>"; };
		792025591D067615002F1FFB /* AFSecurityPolicy.h */ = {isa = PBXFileReference; fileEncoding = 4; lastKnownFileType = sourcecode.c.h; path = AFSecurityPolicy.h; sourceTree = "<group>"; };
		7920255A1D067615002F1FFB /* AFSecurityPolicy.m */ = {isa = PBXFileReference; fileEncoding = 4; lastKnownFileType = sourcecode.c.objc; path = AFSecurityPolicy.m; sourceTree = "<group>"; };
		7920255B1D067615002F1FFB /* AFURLConnectionOperation.h */ = {isa = PBXFileReference; fileEncoding = 4; lastKnownFileType = sourcecode.c.h; path = AFURLConnectionOperation.h; sourceTree = "<group>"; };
		7920255C1D067615002F1FFB /* AFURLConnectionOperation.m */ = {isa = PBXFileReference; fileEncoding = 4; lastKnownFileType = sourcecode.c.objc; path = AFURLConnectionOperation.m; sourceTree = "<group>"; };
		7920255D1D067615002F1FFB /* AFURLRequestSerialization.h */ = {isa = PBXFileReference; fileEncoding = 4; lastKnownFileType = sourcecode.c.h; path = AFURLRequestSerialization.h; sourceTree = "<group>"; };
		7920255E1D067615002F1FFB /* AFURLRequestSerialization.m */ = {isa = PBXFileReference; fileEncoding = 4; lastKnownFileType = sourcecode.c.objc; path = AFURLRequestSerialization.m; sourceTree = "<group>"; };
		7920255F1D067615002F1FFB /* AFURLResponseSerialization.h */ = {isa = PBXFileReference; fileEncoding = 4; lastKnownFileType = sourcecode.c.h; path = AFURLResponseSerialization.h; sourceTree = "<group>"; };
		792025601D067615002F1FFB /* AFURLResponseSerialization.m */ = {isa = PBXFileReference; fileEncoding = 4; lastKnownFileType = sourcecode.c.objc; path = AFURLResponseSerialization.m; sourceTree = "<group>"; };
		792025611D067615002F1FFB /* AFURLSessionManager.h */ = {isa = PBXFileReference; fileEncoding = 4; lastKnownFileType = sourcecode.c.h; path = AFURLSessionManager.h; sourceTree = "<group>"; };
		792025621D067615002F1FFB /* AFURLSessionManager.m */ = {isa = PBXFileReference; fileEncoding = 4; lastKnownFileType = sourcecode.c.objc; path = AFURLSessionManager.m; sourceTree = "<group>"; };
		792025751D06C158002F1FFB /* WXDelicacyDetailViewController.h */ = {isa = PBXFileReference; fileEncoding = 4; lastKnownFileType = sourcecode.c.h; name = WXDelicacyDetailViewController.h; path = "XBCYW/Delicacy（美食）/WXDelicacyDetailViewController.h"; sourceTree = SOURCE_ROOT; };
		792025761D06C158002F1FFB /* WXDelicacyDetailViewController.m */ = {isa = PBXFileReference; fileEncoding = 4; lastKnownFileType = sourcecode.c.objc; name = WXDelicacyDetailViewController.m; path = "XBCYW/Delicacy（美食）/WXDelicacyDetailViewController.m"; sourceTree = SOURCE_ROOT; };
		792025781D07C205002F1FFB /* WXBigPic.h */ = {isa = PBXFileReference; fileEncoding = 4; lastKnownFileType = sourcecode.c.h; path = WXBigPic.h; sourceTree = "<group>"; };
		792025791D07C205002F1FFB /* WXBigPic.m */ = {isa = PBXFileReference; fileEncoding = 4; lastKnownFileType = sourcecode.c.objc; path = WXBigPic.m; sourceTree = "<group>"; };
		7920257B1D07FEFD002F1FFB /* WXBusinessDetailViewController.h */ = {isa = PBXFileReference; fileEncoding = 4; lastKnownFileType = sourcecode.c.h; path = WXBusinessDetailViewController.h; sourceTree = "<group>"; };
		7920257C1D07FEFD002F1FFB /* WXBusinessDetailViewController.m */ = {isa = PBXFileReference; fileEncoding = 4; lastKnownFileType = sourcecode.c.objc; path = WXBusinessDetailViewController.m; sourceTree = "<group>"; };
		79DE35121CFECDEA00BBD57D /* nav_bg.png */ = {isa = PBXFileReference; lastKnownFileType = image.png; path = nav_bg.png; sourceTree = "<group>"; };
		841A95971CFDAED9004D753B /* XBCYW.app */ = {isa = PBXFileReference; explicitFileType = wrapper.application; includeInIndex = 0; path = XBCYW.app; sourceTree = BUILT_PRODUCTS_DIR; };
		841A95B01CFDAEDA004D753B /* XBCYWTests.xctest */ = {isa = PBXFileReference; explicitFileType = wrapper.cfbundle; includeInIndex = 0; path = XBCYWTests.xctest; sourceTree = BUILT_PRODUCTS_DIR; };
		841A95B41CFDAEDA004D753B /* XBCYWTests.m */ = {isa = PBXFileReference; lastKnownFileType = sourcecode.c.objc; path = XBCYWTests.m; sourceTree = "<group>"; };
		841A95B61CFDAEDA004D753B /* Info.plist */ = {isa = PBXFileReference; lastKnownFileType = text.plist.xml; path = Info.plist; sourceTree = "<group>"; };
		841A95BB1CFDAEDA004D753B /* XBCYWUITests.xctest */ = {isa = PBXFileReference; explicitFileType = wrapper.cfbundle; includeInIndex = 0; path = XBCYWUITests.xctest; sourceTree = BUILT_PRODUCTS_DIR; };
		841A95BF1CFDAEDA004D753B /* XBCYWUITests.m */ = {isa = PBXFileReference; lastKnownFileType = sourcecode.c.objc; path = XBCYWUITests.m; sourceTree = "<group>"; };
		841A95C11CFDAEDA004D753B /* Info.plist */ = {isa = PBXFileReference; lastKnownFileType = text.plist.xml; path = Info.plist; sourceTree = "<group>"; };
		841A95EC1CFDB45C004D753B /* AppDelegate.h */ = {isa = PBXFileReference; fileEncoding = 4; lastKnownFileType = sourcecode.c.h; path = AppDelegate.h; sourceTree = "<group>"; };
		841A95ED1CFDB45C004D753B /* AppDelegate.m */ = {isa = PBXFileReference; fileEncoding = 4; lastKnownFileType = sourcecode.c.objc; path = AppDelegate.m; sourceTree = "<group>"; };
		841A95EE1CFDB45C004D753B /* ViewController.h */ = {isa = PBXFileReference; fileEncoding = 4; lastKnownFileType = sourcecode.c.h; path = ViewController.h; sourceTree = "<group>"; };
		841A95EF1CFDB45C004D753B /* ViewController.m */ = {isa = PBXFileReference; fileEncoding = 4; lastKnownFileType = sourcecode.c.objc; path = ViewController.m; sourceTree = "<group>"; };
		841A96011CFDB4F4004D753B /* Info.plist */ = {isa = PBXFileReference; fileEncoding = 4; lastKnownFileType = text.plist.xml; path = Info.plist; sourceTree = "<group>"; };
		841A96031CFDB53B004D753B /* main.m */ = {isa = PBXFileReference; fileEncoding = 4; lastKnownFileType = sourcecode.c.objc; name = main.m; path = Utils/main.m; sourceTree = "<group>"; };
		841A96051CFDB59B004D753B /* LaunchScreen.storyboard */ = {isa = PBXFileReference; fileEncoding = 4; lastKnownFileType = file.storyboard; path = LaunchScreen.storyboard; sourceTree = "<group>"; };
		841A96061CFDB59B004D753B /* Main.storyboard */ = {isa = PBXFileReference; fileEncoding = 4; lastKnownFileType = file.storyboard; path = Main.storyboard; sourceTree = "<group>"; };
		841A96091CFE726C004D753B /* UIView+Extension.h */ = {isa = PBXFileReference; fileEncoding = 4; lastKnownFileType = sourcecode.c.h; path = "UIView+Extension.h"; sourceTree = "<group>"; };
		841A960A1CFE726C004D753B /* UIView+Extension.m */ = {isa = PBXFileReference; fileEncoding = 4; lastKnownFileType = sourcecode.c.objc; path = "UIView+Extension.m"; sourceTree = "<group>"; };
		841A960C1CFE7287004D753B /* WXNavigationController.h */ = {isa = PBXFileReference; fileEncoding = 4; lastKnownFileType = sourcecode.c.h; path = WXNavigationController.h; sourceTree = "<group>"; };
		841A960D1CFE7287004D753B /* WXNavigationController.m */ = {isa = PBXFileReference; fileEncoding = 4; lastKnownFileType = sourcecode.c.objc; path = WXNavigationController.m; sourceTree = "<group>"; };
		841A960E1CFE7287004D753B /* WXTabBarController.h */ = {isa = PBXFileReference; fileEncoding = 4; lastKnownFileType = sourcecode.c.h; path = WXTabBarController.h; sourceTree = "<group>"; };
		841A960F1CFE7287004D753B /* WXTabBarController.m */ = {isa = PBXFileReference; fileEncoding = 4; lastKnownFileType = sourcecode.c.objc; path = WXTabBarController.m; sourceTree = "<group>"; };
		841A96181CFE7A20004D753B /* WXBusinessViewController.h */ = {isa = PBXFileReference; fileEncoding = 4; lastKnownFileType = sourcecode.c.h; path = WXBusinessViewController.h; sourceTree = "<group>"; };
		841A96191CFE7A20004D753B /* WXBusinessViewController.m */ = {isa = PBXFileReference; fileEncoding = 4; lastKnownFileType = sourcecode.c.objc; path = WXBusinessViewController.m; sourceTree = "<group>"; };
		841A96211CFE7B16004D753B /* WXMoreViewController.h */ = {isa = PBXFileReference; fileEncoding = 4; lastKnownFileType = sourcecode.c.h; path = WXMoreViewController.h; sourceTree = "<group>"; };
		841A96221CFE7B16004D753B /* WXMoreViewController.m */ = {isa = PBXFileReference; fileEncoding = 4; lastKnownFileType = sourcecode.c.objc; path = WXMoreViewController.m; sourceTree = "<group>"; };
		841A96241CFE7B59004D753B /* Xbcyw.pch */ = {isa = PBXFileReference; lastKnownFileType = sourcecode.c.h; path = Xbcyw.pch; sourceTree = "<group>"; };
		841A97361CFE7CB5004D753B /* MDDataBaseUtil.h */ = {isa = PBXFileReference; fileEncoding = 4; lastKnownFileType = sourcecode.c.h; path = MDDataBaseUtil.h; sourceTree = "<group>"; };
		841A97371CFE7CB5004D753B /* MDDataBaseUtil.m */ = {isa = PBXFileReference; fileEncoding = 4; lastKnownFileType = sourcecode.c.objc; path = MDDataBaseUtil.m; sourceTree = "<group>"; };
		841A97381CFE7CB5004D753B /* MViewUtil.h */ = {isa = PBXFileReference; fileEncoding = 4; lastKnownFileType = sourcecode.c.h; path = MViewUtil.h; sourceTree = "<group>"; };
		841A97391CFE7CB5004D753B /* MViewUtil.m */ = {isa = PBXFileReference; fileEncoding = 4; lastKnownFileType = sourcecode.c.objc; path = MViewUtil.m; sourceTree = "<group>"; };
		841A973A1CFE7CB5004D753B /* UILabel+WXStringFrame.h */ = {isa = PBXFileReference; fileEncoding = 4; lastKnownFileType = sourcecode.c.h; path = "UILabel+WXStringFrame.h"; sourceTree = "<group>"; };
		841A973B1CFE7CB5004D753B /* UILabel+WXStringFrame.m */ = {isa = PBXFileReference; fileEncoding = 4; lastKnownFileType = sourcecode.c.objc; path = "UILabel+WXStringFrame.m"; sourceTree = "<group>"; };
		841A973C1CFE7CB5004D753B /* validateTest.h */ = {isa = PBXFileReference; fileEncoding = 4; lastKnownFileType = sourcecode.c.h; path = validateTest.h; sourceTree = "<group>"; };
		841A973D1CFE7CB5004D753B /* validateTest.m */ = {isa = PBXFileReference; fileEncoding = 4; lastKnownFileType = sourcecode.c.objc; path = validateTest.m; sourceTree = "<group>"; };
		841A973E1CFE7CB5004D753B /* WXTopView.h */ = {isa = PBXFileReference; fileEncoding = 4; lastKnownFileType = sourcecode.c.h; path = WXTopView.h; sourceTree = "<group>"; };
		841A973F1CFE7CB5004D753B /* WXTopView.m */ = {isa = PBXFileReference; fileEncoding = 4; lastKnownFileType = sourcecode.c.objc; path = WXTopView.m; sourceTree = "<group>"; };
		841A97451CFE7D6C004D753B /* WXDiscoverViewController.h */ = {isa = PBXFileReference; fileEncoding = 4; lastKnownFileType = sourcecode.c.h; path = WXDiscoverViewController.h; sourceTree = "<group>"; };
		841A97461CFE7D6C004D753B /* WXDiscoverViewController.m */ = {isa = PBXFileReference; fileEncoding = 4; lastKnownFileType = sourcecode.c.objc; path = WXDiscoverViewController.m; sourceTree = "<group>"; };
		841A97491CFE857A004D753B /* MBProgressHUD.h */ = {isa = PBXFileReference; fileEncoding = 4; lastKnownFileType = sourcecode.c.h; path = MBProgressHUD.h; sourceTree = "<group>"; };
		841A974A1CFE857A004D753B /* MBProgressHUD.m */ = {isa = PBXFileReference; fileEncoding = 4; lastKnownFileType = sourcecode.c.objc; path = MBProgressHUD.m; sourceTree = "<group>"; };
		841A974D1CFE8587004D753B /* SHLUILabel.h */ = {isa = PBXFileReference; fileEncoding = 4; lastKnownFileType = sourcecode.c.h; path = SHLUILabel.h; sourceTree = "<group>"; };
		841A974E1CFE8587004D753B /* SHLUILabel.m */ = {isa = PBXFileReference; fileEncoding = 4; lastKnownFileType = sourcecode.c.objc; path = SHLUILabel.m; sourceTree = "<group>"; };
		841A97501CFE86C3004D753B /* Assets.xcassets */ = {isa = PBXFileReference; lastKnownFileType = folder.assetcatalog; path = Assets.xcassets; sourceTree = "<group>"; };
		841A97521CFEAEB7004D753B /* WXSearchBar.h */ = {isa = PBXFileReference; fileEncoding = 4; lastKnownFileType = sourcecode.c.h; path = WXSearchBar.h; sourceTree = "<group>"; };
		841A97531CFEAEB7004D753B /* WXSearchBar.m */ = {isa = PBXFileReference; fileEncoding = 4; lastKnownFileType = sourcecode.c.objc; path = WXSearchBar.m; sourceTree = "<group>"; };
		841A97561CFEDB8B004D753B /* 1.jpg */ = {isa = PBXFileReference; lastKnownFileType = image.jpeg; path = 1.jpg; sourceTree = "<group>"; };
		841A97581CFEDD42004D753B /* 3.jpg */ = {isa = PBXFileReference; lastKnownFileType = image.jpeg; path = 3.jpg; sourceTree = "<group>"; };
		841A97591CFEDD42004D753B /* 2.jpg */ = {isa = PBXFileReference; lastKnownFileType = image.jpeg; path = 2.jpg; sourceTree = "<group>"; };
		841A975C1CFEE5D7004D753B /* WXHomeTableViewCell.h */ = {isa = PBXFileReference; fileEncoding = 4; lastKnownFileType = sourcecode.c.h; path = WXHomeTableViewCell.h; sourceTree = "<group>"; };
		841A975D1CFEE5D7004D753B /* WXHomeTableViewCell.m */ = {isa = PBXFileReference; fileEncoding = 4; lastKnownFileType = sourcecode.c.objc; path = WXHomeTableViewCell.m; sourceTree = "<group>"; };
		84600E311D066ED500699ADD /* newsImage1.jpg */ = {isa = PBXFileReference; lastKnownFileType = image.jpeg; path = newsImage1.jpg; sourceTree = "<group>"; };
		84600E491D07A45000699ADD /* WXImageModel.h */ = {isa = PBXFileReference; fileEncoding = 4; lastKnownFileType = sourcecode.c.h; path = WXImageModel.h; sourceTree = "<group>"; };
		84600E4A1D07A45000699ADD /* WXImageModel.m */ = {isa = PBXFileReference; fileEncoding = 4; lastKnownFileType = sourcecode.c.objc; path = WXImageModel.m; sourceTree = "<group>"; };
		84600E4B1D07A45000699ADD /* WXMerchantModel.h */ = {isa = PBXFileReference; fileEncoding = 4; lastKnownFileType = sourcecode.c.h; path = WXMerchantModel.h; sourceTree = "<group>"; };
		84600E4C1D07A45000699ADD /* WXMerchantModel.m */ = {isa = PBXFileReference; fileEncoding = 4; lastKnownFileType = sourcecode.c.objc; path = WXMerchantModel.m; sourceTree = "<group>"; };
		84600E4F1D07A45000699ADD /* WXProductModel.h */ = {isa = PBXFileReference; fileEncoding = 4; lastKnownFileType = sourcecode.c.h; path = WXProductModel.h; sourceTree = "<group>"; };
		84600E501D07A45000699ADD /* WXProductModel.m */ = {isa = PBXFileReference; fileEncoding = 4; lastKnownFileType = sourcecode.c.objc; path = WXProductModel.m; sourceTree = "<group>"; };
		84600E511D07A45000699ADD /* WXTypeModel.h */ = {isa = PBXFileReference; fileEncoding = 4; lastKnownFileType = sourcecode.c.h; path = WXTypeModel.h; sourceTree = "<group>"; };
		84600E521D07A45000699ADD /* WXTypeModel.m */ = {isa = PBXFileReference; fileEncoding = 4; lastKnownFileType = sourcecode.c.objc; path = WXTypeModel.m; sourceTree = "<group>"; };
		84600E581D07A46400699ADD /* WXNewsModel.h */ = {isa = PBXFileReference; fileEncoding = 4; lastKnownFileType = sourcecode.c.h; name = WXNewsModel.h; path = XBCYW/Model/WXNewsModel.h; sourceTree = SOURCE_ROOT; };
		84600E591D07A46400699ADD /* WXNewsModel.m */ = {isa = PBXFileReference; fileEncoding = 4; lastKnownFileType = sourcecode.c.objc; name = WXNewsModel.m; path = XBCYW/Model/WXNewsModel.m; sourceTree = SOURCE_ROOT; };
		84600E5C1D07A4E500699ADD /* WJRefresh.h */ = {isa = PBXFileReference; fileEncoding = 4; lastKnownFileType = sourcecode.c.h; path = WJRefresh.h; sourceTree = "<group>"; };
		84600E5D1D07A4E500699ADD /* WJRefresh.m */ = {isa = PBXFileReference; fileEncoding = 4; lastKnownFileType = sourcecode.c.objc; path = WJRefresh.m; sourceTree = "<group>"; };
		84600E5E1D07A4E500699ADD /* WJRefreshArrow@2x.png */ = {isa = PBXFileReference; lastKnownFileType = image.png; path = "WJRefreshArrow@2x.png"; sourceTree = "<group>"; };
		84600E611D07A57900699ADD /* WXNewsViewController.h */ = {isa = PBXFileReference; fileEncoding = 4; lastKnownFileType = sourcecode.c.h; path = WXNewsViewController.h; sourceTree = "<group>"; };
		84600E621D07A57900699ADD /* WXNewsViewController.m */ = {isa = PBXFileReference; fileEncoding = 4; lastKnownFileType = sourcecode.c.objc; path = WXNewsViewController.m; sourceTree = "<group>"; };
		84600E671D07A5E800699ADD /* WXHomeViewController.m */ = {isa = PBXFileReference; fileEncoding = 4; lastKnownFileType = sourcecode.c.objc; path = WXHomeViewController.m; sourceTree = "<group>"; };
		84600E691D07AC3800699ADD /* WXHomeViewController.h */ = {isa = PBXFileReference; fileEncoding = 4; lastKnownFileType = sourcecode.c.h; path = WXHomeViewController.h; sourceTree = "<group>"; };
		84600E6A1D08033200699ADD /* WXNewsTableViewCell.h */ = {isa = PBXFileReference; fileEncoding = 4; lastKnownFileType = sourcecode.c.h; path = WXNewsTableViewCell.h; sourceTree = "<group>"; };
		84600E6B1D08033200699ADD /* WXNewsTableViewCell.m */ = {isa = PBXFileReference; fileEncoding = 4; lastKnownFileType = sourcecode.c.objc; path = WXNewsTableViewCell.m; sourceTree = "<group>"; };
		84600E6D1D0819EE00699ADD /* WXdynamicTableViewCell.h */ = {isa = PBXFileReference; fileEncoding = 4; lastKnownFileType = sourcecode.c.h; path = WXdynamicTableViewCell.h; sourceTree = "<group>"; };
		84600E6E1D0819EE00699ADD /* WXdynamicTableViewCell.m */ = {isa = PBXFileReference; fileEncoding = 4; lastKnownFileType = sourcecode.c.objc; path = WXdynamicTableViewCell.m; sourceTree = "<group>"; };
/* End PBXFileReference section */

/* Begin PBXFrameworksBuildPhase section */
		841A95941CFDAED9004D753B /* Frameworks */ = {
			isa = PBXFrameworksBuildPhase;
			buildActionMask = 2147483647;
			files = (
			);
			runOnlyForDeploymentPostprocessing = 0;
		};
		841A95AD1CFDAEDA004D753B /* Frameworks */ = {
			isa = PBXFrameworksBuildPhase;
			buildActionMask = 2147483647;
			files = (
			);
			runOnlyForDeploymentPostprocessing = 0;
		};
		841A95B81CFDAEDA004D753B /* Frameworks */ = {
			isa = PBXFrameworksBuildPhase;
			buildActionMask = 2147483647;
			files = (
			);
			runOnlyForDeploymentPostprocessing = 0;
		};
/* End PBXFrameworksBuildPhase section */

/* Begin PBXGroup section */
		7920254F1D067615002F1FFB /* AFNetworking */ = {
			isa = PBXGroup;
			children = (
				792025501D067615002F1FFB /* AFHTTPRequestOperation.h */,
				792025511D067615002F1FFB /* AFHTTPRequestOperation.m */,
				792025521D067615002F1FFB /* AFHTTPRequestOperationManager.h */,
				792025531D067615002F1FFB /* AFHTTPRequestOperationManager.m */,
				792025541D067615002F1FFB /* AFHTTPSessionManager.h */,
				792025551D067615002F1FFB /* AFHTTPSessionManager.m */,
				792025561D067615002F1FFB /* AFNetworking.h */,
				792025571D067615002F1FFB /* AFNetworkReachabilityManager.h */,
				792025581D067615002F1FFB /* AFNetworkReachabilityManager.m */,
				792025591D067615002F1FFB /* AFSecurityPolicy.h */,
				7920255A1D067615002F1FFB /* AFSecurityPolicy.m */,
				7920255B1D067615002F1FFB /* AFURLConnectionOperation.h */,
				7920255C1D067615002F1FFB /* AFURLConnectionOperation.m */,
				7920255D1D067615002F1FFB /* AFURLRequestSerialization.h */,
				7920255E1D067615002F1FFB /* AFURLRequestSerialization.m */,
				7920255F1D067615002F1FFB /* AFURLResponseSerialization.h */,
				792025601D067615002F1FFB /* AFURLResponseSerialization.m */,
				792025611D067615002F1FFB /* AFURLSessionManager.h */,
				792025621D067615002F1FFB /* AFURLSessionManager.m */,
			);
			path = AFNetworking;
			sourceTree = "<group>";
		};
		841A958E1CFDAED9004D753B = {
			isa = PBXGroup;
			children = (
				841A95991CFDAED9004D753B /* XBCYW */,
				841A95B31CFDAEDA004D753B /* XBCYWTests */,
				841A95BE1CFDAEDA004D753B /* XBCYWUITests */,
				841A95981CFDAED9004D753B /* Products */,
			);
			sourceTree = "<group>";
		};
		841A95981CFDAED9004D753B /* Products */ = {
			isa = PBXGroup;
			children = (
				841A95971CFDAED9004D753B /* XBCYW.app */,
				841A95B01CFDAEDA004D753B /* XBCYWTests.xctest */,
				841A95BB1CFDAEDA004D753B /* XBCYWUITests.xctest */,
			);
			name = Products;
			sourceTree = "<group>";
		};
		841A95991CFDAED9004D753B /* XBCYW */ = {
			isa = PBXGroup;
			children = (
				84600E481D07A42600699ADD /* Model */,
				7920254F1D067615002F1FFB /* AFNetworking */,
				841A95E61CFDB45C004D753B /* NewFeature（新特性） */,
				841A95DA1CFDB45C004D753B /* FrameWork */,
				841A95DB1CFDB45C004D753B /* Headers（头文件） */,
				841A95E21CFDB45C004D753B /* Main（主框架） */,
				841A95DC1CFDB45C004D753B /* Home（首页） */,
				841A95D61CFDB45C004D753B /* Delicacy(美食) */,
				841A95E71CFDB45C004D753B /* discover(发现) */,
				841A95F11CFDB45C004D753B /* Business(商家) */,
				841A961D1CFE7B00004D753B /* More(更多) */,
				841A95EB1CFDB45C004D753B /* others */,
				841A95F01CFDB45C004D753B /* Resource */,
				841A95F51CFDB45D004D753B /* Utils */,
				841A959A1CFDAEDA004D753B /* Supporting Files */,
			);
			path = XBCYW;
			sourceTree = "<group>";
		};
		841A959A1CFDAEDA004D753B /* Supporting Files */ = {
			isa = PBXGroup;
			children = (
				841A96051CFDB59B004D753B /* LaunchScreen.storyboard */,
				841A97501CFE86C3004D753B /* Assets.xcassets */,
				841A96061CFDB59B004D753B /* Main.storyboard */,
				841A96011CFDB4F4004D753B /* Info.plist */,
				841A96031CFDB53B004D753B /* main.m */,
			);
			name = "Supporting Files";
			sourceTree = "<group>";
		};
		841A95B31CFDAEDA004D753B /* XBCYWTests */ = {
			isa = PBXGroup;
			children = (
				841A95B41CFDAEDA004D753B /* XBCYWTests.m */,
				841A95B61CFDAEDA004D753B /* Info.plist */,
			);
			path = XBCYWTests;
			sourceTree = "<group>";
		};
		841A95BE1CFDAEDA004D753B /* XBCYWUITests */ = {
			isa = PBXGroup;
			children = (
				841A95BF1CFDAEDA004D753B /* XBCYWUITests.m */,
				841A95C11CFDAEDA004D753B /* Info.plist */,
			);
			path = XBCYWUITests;
			sourceTree = "<group>";
		};
		841A95D61CFDB45C004D753B /* Delicacy(美食) */ = {
			isa = PBXGroup;
			children = (
				841A95D71CFDB45C004D753B /* Controller */,
				841A95D81CFDB45C004D753B /* Model */,
				841A95D91CFDB45C004D753B /* View */,
			);
			name = "Delicacy(美食)";
			path = "Delicacy（美食）";
			sourceTree = "<group>";
		};
		841A95D71CFDB45C004D753B /* Controller */ = {
			isa = PBXGroup;
			children = (
				7920253C1D0654A7002F1FFB /* WXDelicacyViewController.h */,
				7920253D1D0654A7002F1FFB /* WXDelicacyViewController.m */,
				792025751D06C158002F1FFB /* WXDelicacyDetailViewController.h */,
				792025761D06C158002F1FFB /* WXDelicacyDetailViewController.m */,
			);
			path = Controller;
			sourceTree = "<group>";
		};
		841A95D81CFDB45C004D753B /* Model */ = {
			isa = PBXGroup;
			children = (
			);
			path = Model;
			sourceTree = "<group>";
		};
		841A95D91CFDB45C004D753B /* View */ = {
			isa = PBXGroup;
			children = (
			);
			path = View;
			sourceTree = "<group>";
		};
		841A95DA1CFDB45C004D753B /* FrameWork */ = {
			isa = PBXGroup;
			children = (
				84600E5B1D07A4E500699ADD /* Refresh */,
				841A974C1CFE8587004D753B /* SHLUILabel */,
				841A97481CFE857A004D753B /* MBProgressHUD */,
			);
			path = FrameWork;
			sourceTree = "<group>";
		};
		841A95DB1CFDB45C004D753B /* Headers（头文件） */ = {
			isa = PBXGroup;
			children = (
				841A96241CFE7B59004D753B /* Xbcyw.pch */,
			);
			path = "Headers（头文件）";
			sourceTree = "<group>";
		};
		841A95DC1CFDB45C004D753B /* Home（首页） */ = {
			isa = PBXGroup;
			children = (
				841A95DD1CFDB45C004D753B /* Controller */,
				841A95DE1CFDB45C004D753B /* Model */,
				841A95DF1CFDB45C004D753B /* View */,
			);
			path = "Home（首页）";
			sourceTree = "<group>";
		};
		841A95DD1CFDB45C004D753B /* Controller */ = {
			isa = PBXGroup;
			children = (
				84600E691D07AC3800699ADD /* WXHomeViewController.h */,
				84600E671D07A5E800699ADD /* WXHomeViewController.m */,
				84600E611D07A57900699ADD /* WXNewsViewController.h */,
				84600E621D07A57900699ADD /* WXNewsViewController.m */,
			);
			path = Controller;
			sourceTree = "<group>";
		};
		841A95DE1CFDB45C004D753B /* Model */ = {
			isa = PBXGroup;
			children = (
				84600E581D07A46400699ADD /* WXNewsModel.h */,
				84600E591D07A46400699ADD /* WXNewsModel.m */,
			);
			path = Model;
			sourceTree = "<group>";
		};
		841A95DF1CFDB45C004D753B /* View */ = {
			isa = PBXGroup;
			children = (
				841A97521CFEAEB7004D753B /* WXSearchBar.h */,
				841A97531CFEAEB7004D753B /* WXSearchBar.m */,
				841A975C1CFEE5D7004D753B /* WXHomeTableViewCell.h */,
				841A975D1CFEE5D7004D753B /* WXHomeTableViewCell.m */,
				84600E6A1D08033200699ADD /* WXNewsTableViewCell.h */,
				84600E6B1D08033200699ADD /* WXNewsTableViewCell.m */,
				84600E6D1D0819EE00699ADD /* WXdynamicTableViewCell.h */,
				84600E6E1D0819EE00699ADD /* WXdynamicTableViewCell.m */,
			);
			path = View;
			sourceTree = "<group>";
		};
		841A95E21CFDB45C004D753B /* Main（主框架） */ = {
			isa = PBXGroup;
			children = (
				841A95E31CFDB45C004D753B /* Category */,
				841A95E41CFDB45C004D753B /* Controller */,
				841A95E51CFDB45C004D753B /* View */,
			);
			path = "Main（主框架）";
			sourceTree = "<group>";
		};
		841A95E31CFDB45C004D753B /* Category */ = {
			isa = PBXGroup;
			children = (
				841A96091CFE726C004D753B /* UIView+Extension.h */,
				841A960A1CFE726C004D753B /* UIView+Extension.m */,
			);
			path = Category;
			sourceTree = "<group>";
		};
		841A95E41CFDB45C004D753B /* Controller */ = {
			isa = PBXGroup;
			children = (
				841A960C1CFE7287004D753B /* WXNavigationController.h */,
				841A960D1CFE7287004D753B /* WXNavigationController.m */,
				841A960E1CFE7287004D753B /* WXTabBarController.h */,
				841A960F1CFE7287004D753B /* WXTabBarController.m */,
			);
			path = Controller;
			sourceTree = "<group>";
		};
		841A95E51CFDB45C004D753B /* View */ = {
			isa = PBXGroup;
			children = (
			);
			path = View;
			sourceTree = "<group>";
		};
		841A95E61CFDB45C004D753B /* NewFeature（新特性） */ = {
			isa = PBXGroup;
			children = (
			);
			path = "NewFeature（新特性）";
			sourceTree = "<group>";
		};
		841A95E71CFDB45C004D753B /* discover(发现) */ = {
			isa = PBXGroup;
			children = (
				841A95E81CFDB45C004D753B /* Controller */,
				841A95E91CFDB45C004D753B /* Model */,
				841A95EA1CFDB45C004D753B /* View */,
			);
			name = "discover(发现)";
			path = News;
			sourceTree = "<group>";
		};
		841A95E81CFDB45C004D753B /* Controller */ = {
			isa = PBXGroup;
			children = (
				841A97451CFE7D6C004D753B /* WXDiscoverViewController.h */,
				841A97461CFE7D6C004D753B /* WXDiscoverViewController.m */,
			);
			path = Controller;
			sourceTree = "<group>";
		};
		841A95E91CFDB45C004D753B /* Model */ = {
			isa = PBXGroup;
			children = (
			);
			path = Model;
			sourceTree = "<group>";
		};
		841A95EA1CFDB45C004D753B /* View */ = {
			isa = PBXGroup;
			children = (
			);
			path = View;
			sourceTree = "<group>";
		};
		841A95EB1CFDB45C004D753B /* others */ = {
			isa = PBXGroup;
			children = (
				79DE35121CFECDEA00BBD57D /* nav_bg.png */,
				841A95EC1CFDB45C004D753B /* AppDelegate.h */,
				841A95ED1CFDB45C004D753B /* AppDelegate.m */,
				841A95EE1CFDB45C004D753B /* ViewController.h */,
				841A95EF1CFDB45C004D753B /* ViewController.m */,
			);
			path = others;
			sourceTree = "<group>";
		};
		841A95F01CFDB45C004D753B /* Resource */ = {
			isa = PBXGroup;
			children = (
				84600E301D066EC800699ADD /* news */,
				841A97551CFEDB61004D753B /* Carousel(轮播图片) */,
			);
			path = Resource;
			sourceTree = "<group>";
		};
		841A95F11CFDB45C004D753B /* Business(商家) */ = {
			isa = PBXGroup;
			children = (
				841A95F21CFDB45C004D753B /* Controller */,
				841A95F31CFDB45C004D753B /* Model */,
				841A95F41CFDB45D004D753B /* View */,
			);
			name = "Business(商家)";
			path = "Search（搜索）";
			sourceTree = "<group>";
		};
		841A95F21CFDB45C004D753B /* Controller */ = {
			isa = PBXGroup;
			children = (
				841A96181CFE7A20004D753B /* WXBusinessViewController.h */,
				841A96191CFE7A20004D753B /* WXBusinessViewController.m */,
				7920257B1D07FEFD002F1FFB /* WXBusinessDetailViewController.h */,
				7920257C1D07FEFD002F1FFB /* WXBusinessDetailViewController.m */,
			);
			path = Controller;
			sourceTree = "<group>";
		};
		841A95F31CFDB45C004D753B /* Model */ = {
			isa = PBXGroup;
			children = (
			);
			path = Model;
			sourceTree = "<group>";
		};
		841A95F41CFDB45D004D753B /* View */ = {
			isa = PBXGroup;
			children = (
			);
			path = View;
			sourceTree = "<group>";
		};
		841A95F51CFDB45D004D753B /* Utils */ = {
			isa = PBXGroup;
			children = (
				792025781D07C205002F1FFB /* WXBigPic.h */,
				792025791D07C205002F1FFB /* WXBigPic.m */,
				841A97361CFE7CB5004D753B /* MDDataBaseUtil.h */,
				841A97371CFE7CB5004D753B /* MDDataBaseUtil.m */,
				841A97381CFE7CB5004D753B /* MViewUtil.h */,
				841A97391CFE7CB5004D753B /* MViewUtil.m */,
				841A973A1CFE7CB5004D753B /* UILabel+WXStringFrame.h */,
				841A973B1CFE7CB5004D753B /* UILabel+WXStringFrame.m */,
				841A973C1CFE7CB5004D753B /* validateTest.h */,
				841A973D1CFE7CB5004D753B /* validateTest.m */,
				841A973E1CFE7CB5004D753B /* WXTopView.h */,
				841A973F1CFE7CB5004D753B /* WXTopView.m */,
			);
			path = Utils;
			sourceTree = "<group>";
		};
		841A961D1CFE7B00004D753B /* More(更多) */ = {
			isa = PBXGroup;
			children = (
				841A961E1CFE7B00004D753B /* Controller */,
				841A961F1CFE7B00004D753B /* Model */,
				841A96201CFE7B00004D753B /* View */,
			);
			path = "More(更多)";
			sourceTree = "<group>";
		};
		841A961E1CFE7B00004D753B /* Controller */ = {
			isa = PBXGroup;
			children = (
				841A96211CFE7B16004D753B /* WXMoreViewController.h */,
				841A96221CFE7B16004D753B /* WXMoreViewController.m */,
			);
			path = Controller;
			sourceTree = "<group>";
		};
		841A961F1CFE7B00004D753B /* Model */ = {
			isa = PBXGroup;
			children = (
			);
			path = Model;
			sourceTree = "<group>";
		};
		841A96201CFE7B00004D753B /* View */ = {
			isa = PBXGroup;
			children = (
			);
			path = View;
			sourceTree = "<group>";
		};
		841A97481CFE857A004D753B /* MBProgressHUD */ = {
			isa = PBXGroup;
			children = (
				841A97491CFE857A004D753B /* MBProgressHUD.h */,
				841A974A1CFE857A004D753B /* MBProgressHUD.m */,
			);
			path = MBProgressHUD;
			sourceTree = "<group>";
		};
		841A974C1CFE8587004D753B /* SHLUILabel */ = {
			isa = PBXGroup;
			children = (
				841A974D1CFE8587004D753B /* SHLUILabel.h */,
				841A974E1CFE8587004D753B /* SHLUILabel.m */,
			);
			path = SHLUILabel;
			sourceTree = "<group>";
		};
		841A97551CFEDB61004D753B /* Carousel(轮播图片) */ = {
			isa = PBXGroup;
			children = (
				841A97581CFEDD42004D753B /* 3.jpg */,
				841A97591CFEDD42004D753B /* 2.jpg */,
				841A97561CFEDB8B004D753B /* 1.jpg */,
			);
			name = "Carousel(轮播图片)";
			sourceTree = "<group>";
		};
		84600E301D066EC800699ADD /* news */ = {
			isa = PBXGroup;
			children = (
				84600E311D066ED500699ADD /* newsImage1.jpg */,
			);
			name = news;
			sourceTree = "<group>";
		};
		84600E481D07A42600699ADD /* Model */ = {
			isa = PBXGroup;
			children = (
				84600E491D07A45000699ADD /* WXImageModel.h */,
				84600E4A1D07A45000699ADD /* WXImageModel.m */,
				84600E4B1D07A45000699ADD /* WXMerchantModel.h */,
				84600E4C1D07A45000699ADD /* WXMerchantModel.m */,
				84600E4F1D07A45000699ADD /* WXProductModel.h */,
				84600E501D07A45000699ADD /* WXProductModel.m */,
				84600E511D07A45000699ADD /* WXTypeModel.h */,
				84600E521D07A45000699ADD /* WXTypeModel.m */,
			);
			path = Model;
			sourceTree = "<group>";
		};
		84600E5B1D07A4E500699ADD /* Refresh */ = {
			isa = PBXGroup;
			children = (
				84600E5C1D07A4E500699ADD /* WJRefresh.h */,
				84600E5D1D07A4E500699ADD /* WJRefresh.m */,
				84600E5E1D07A4E500699ADD /* WJRefreshArrow@2x.png */,
			);
			path = Refresh;
			sourceTree = "<group>";
		};
/* End PBXGroup section */

/* Begin PBXNativeTarget section */
		841A95961CFDAED9004D753B /* XBCYW */ = {
			isa = PBXNativeTarget;
			buildConfigurationList = 841A95C41CFDAEDA004D753B /* Build configuration list for PBXNativeTarget "XBCYW" */;
			buildPhases = (
				841A95931CFDAED9004D753B /* Sources */,
				841A95941CFDAED9004D753B /* Frameworks */,
				841A95951CFDAED9004D753B /* Resources */,
			);
			buildRules = (
			);
			dependencies = (
			);
			name = XBCYW;
			productName = XBCYW;
			productReference = 841A95971CFDAED9004D753B /* XBCYW.app */;
			productType = "com.apple.product-type.application";
		};
		841A95AF1CFDAEDA004D753B /* XBCYWTests */ = {
			isa = PBXNativeTarget;
			buildConfigurationList = 841A95C71CFDAEDA004D753B /* Build configuration list for PBXNativeTarget "XBCYWTests" */;
			buildPhases = (
				841A95AC1CFDAEDA004D753B /* Sources */,
				841A95AD1CFDAEDA004D753B /* Frameworks */,
				841A95AE1CFDAEDA004D753B /* Resources */,
			);
			buildRules = (
			);
			dependencies = (
				841A95B21CFDAEDA004D753B /* PBXTargetDependency */,
			);
			name = XBCYWTests;
			productName = XBCYWTests;
			productReference = 841A95B01CFDAEDA004D753B /* XBCYWTests.xctest */;
			productType = "com.apple.product-type.bundle.unit-test";
		};
		841A95BA1CFDAEDA004D753B /* XBCYWUITests */ = {
			isa = PBXNativeTarget;
			buildConfigurationList = 841A95CA1CFDAEDA004D753B /* Build configuration list for PBXNativeTarget "XBCYWUITests" */;
			buildPhases = (
				841A95B71CFDAEDA004D753B /* Sources */,
				841A95B81CFDAEDA004D753B /* Frameworks */,
				841A95B91CFDAEDA004D753B /* Resources */,
			);
			buildRules = (
			);
			dependencies = (
				841A95BD1CFDAEDA004D753B /* PBXTargetDependency */,
			);
			name = XBCYWUITests;
			productName = XBCYWUITests;
			productReference = 841A95BB1CFDAEDA004D753B /* XBCYWUITests.xctest */;
			productType = "com.apple.product-type.bundle.ui-testing";
		};
/* End PBXNativeTarget section */

/* Begin PBXProject section */
		841A958F1CFDAED9004D753B /* Project object */ = {
			isa = PBXProject;
			attributes = {
				CLASSPREFIX = WX;
				LastUpgradeCheck = 0730;
				ORGANIZATIONNAME = admin;
				TargetAttributes = {
					841A95961CFDAED9004D753B = {
						CreatedOnToolsVersion = 7.3;
					};
					841A95AF1CFDAEDA004D753B = {
						CreatedOnToolsVersion = 7.3;
						TestTargetID = 841A95961CFDAED9004D753B;
					};
					841A95BA1CFDAEDA004D753B = {
						CreatedOnToolsVersion = 7.3;
						TestTargetID = 841A95961CFDAED9004D753B;
					};
				};
			};
			buildConfigurationList = 841A95921CFDAED9004D753B /* Build configuration list for PBXProject "XBCYW" */;
			compatibilityVersion = "Xcode 3.2";
			developmentRegion = English;
			hasScannedForEncodings = 0;
			knownRegions = (
				en,
				Base,
			);
			mainGroup = 841A958E1CFDAED9004D753B;
			productRefGroup = 841A95981CFDAED9004D753B /* Products */;
			projectDirPath = "";
			projectRoot = "";
			targets = (
				841A95961CFDAED9004D753B /* XBCYW */,
				841A95AF1CFDAEDA004D753B /* XBCYWTests */,
				841A95BA1CFDAEDA004D753B /* XBCYWUITests */,
			);
		};
/* End PBXProject section */

/* Begin PBXResourcesBuildPhase section */
		841A95951CFDAED9004D753B /* Resources */ = {
			isa = PBXResourcesBuildPhase;
			buildActionMask = 2147483647;
			files = (
				79DE35131CFECDEA00BBD57D /* nav_bg.png in Resources */,
				841A96081CFDB59B004D753B /* Main.storyboard in Resources */,
				841A96021CFDB4F4004D753B /* Info.plist in Resources */,
				84600E321D066ED500699ADD /* newsImage1.jpg in Resources */,
				841A975B1CFEDD42004D753B /* 2.jpg in Resources */,
				841A97511CFE86C3004D753B /* Assets.xcassets in Resources */,
				841A975A1CFEDD42004D753B /* 3.jpg in Resources */,
				841A96071CFDB59B004D753B /* LaunchScreen.storyboard in Resources */,
				841A97571CFEDB8B004D753B /* 1.jpg in Resources */,
				84600E601D07A4E500699ADD /* WJRefreshArrow@2x.png in Resources */,
			);
			runOnlyForDeploymentPostprocessing = 0;
		};
		841A95AE1CFDAEDA004D753B /* Resources */ = {
			isa = PBXResourcesBuildPhase;
			buildActionMask = 2147483647;
			files = (
			);
			runOnlyForDeploymentPostprocessing = 0;
		};
		841A95B91CFDAEDA004D753B /* Resources */ = {
			isa = PBXResourcesBuildPhase;
			buildActionMask = 2147483647;
			files = (
			);
			runOnlyForDeploymentPostprocessing = 0;
		};
/* End PBXResourcesBuildPhase section */

/* Begin PBXSourcesBuildPhase section */
		841A95931CFDAED9004D753B /* Sources */ = {
			isa = PBXSourcesBuildPhase;
			buildActionMask = 2147483647;
			files = (
				792025631D067615002F1FFB /* AFHTTPRequestOperation.m in Sources */,
				84600E631D07A57900699ADD /* WXNewsViewController.m in Sources */,
				841A96111CFE7287004D753B /* WXTabBarController.m in Sources */,
				7920253E1D0654A7002F1FFB /* WXDelicacyViewController.m in Sources */,
				7920257D1D07FEFD002F1FFB /* WXBusinessDetailViewController.m in Sources */,
				841A97441CFE7CB5004D753B /* WXTopView.m in Sources */,
				7920256A1D067615002F1FFB /* AFURLResponseSerialization.m in Sources */,
				841A975E1CFEE5D7004D753B /* WXHomeTableViewCell.m in Sources */,
				841A97471CFE7D6C004D753B /* WXDiscoverViewController.m in Sources */,
				841A97421CFE7CB5004D753B /* UILabel+WXStringFrame.m in Sources */,
				84600E561D07A45000699ADD /* WXProductModel.m in Sources */,
				841A96231CFE7B16004D753B /* WXMoreViewController.m in Sources */,
				84600E6C1D08033200699ADD /* WXNewsTableViewCell.m in Sources */,
				84600E5F1D07A4E500699ADD /* WJRefresh.m in Sources */,
				792025681D067615002F1FFB /* AFURLConnectionOperation.m in Sources */,
				792025641D067615002F1FFB /* AFHTTPRequestOperationManager.m in Sources */,
				841A97541CFEAEB7004D753B /* WXSearchBar.m in Sources */,
				84600E5A1D07A46400699ADD /* WXNewsModel.m in Sources */,
				84600E571D07A45000699ADD /* WXTypeModel.m in Sources */,
				841A95FC1CFDB45D004D753B /* ViewController.m in Sources */,
				841A974B1CFE857A004D753B /* MBProgressHUD.m in Sources */,
				841A97411CFE7CB5004D753B /* MViewUtil.m in Sources */,
				841A96041CFDB53B004D753B /* main.m in Sources */,
				7920256B1D067615002F1FFB /* AFURLSessionManager.m in Sources */,
				84600E681D07A5E800699ADD /* WXHomeViewController.m in Sources */,
				792025671D067615002F1FFB /* AFSecurityPolicy.m in Sources */,
				841A974F1CFE8587004D753B /* SHLUILabel.m in Sources */,
				841A96101CFE7287004D753B /* WXNavigationController.m in Sources */,
				792025661D067615002F1FFB /* AFNetworkReachabilityManager.m in Sources */,
				792025771D06C158002F1FFB /* WXDelicacyDetailViewController.m in Sources */,
				84600E6F1D0819EE00699ADD /* WXdynamicTableViewCell.m in Sources */,
				792025651D067615002F1FFB /* AFHTTPSessionManager.m in Sources */,
				792025691D067615002F1FFB /* AFURLRequestSerialization.m in Sources */,
				841A960B1CFE726C004D753B /* UIView+Extension.m in Sources */,
				841A97401CFE7CB5004D753B /* MDDataBaseUtil.m in Sources */,
				841A97431CFE7CB5004D753B /* validateTest.m in Sources */,
				841A95FB1CFDB45D004D753B /* AppDelegate.m in Sources */,
				7920257A1D07C205002F1FFB /* WXBigPic.m in Sources */,
				84600E531D07A45000699ADD /* WXImageModel.m in Sources */,
				84600E541D07A45000699ADD /* WXMerchantModel.m in Sources */,
				841A961A1CFE7A20004D753B /* WXBusinessViewController.m in Sources */,
			);
			runOnlyForDeploymentPostprocessing = 0;
		};
		841A95AC1CFDAEDA004D753B /* Sources */ = {
			isa = PBXSourcesBuildPhase;
			buildActionMask = 2147483647;
			files = (
				841A95B51CFDAEDA004D753B /* XBCYWTests.m in Sources */,
			);
			runOnlyForDeploymentPostprocessing = 0;
		};
		841A95B71CFDAEDA004D753B /* Sources */ = {
			isa = PBXSourcesBuildPhase;
			buildActionMask = 2147483647;
			files = (
				841A95C01CFDAEDA004D753B /* XBCYWUITests.m in Sources */,
			);
			runOnlyForDeploymentPostprocessing = 0;
		};
/* End PBXSourcesBuildPhase section */

/* Begin PBXTargetDependency section */
		841A95B21CFDAEDA004D753B /* PBXTargetDependency */ = {
			isa = PBXTargetDependency;
			target = 841A95961CFDAED9004D753B /* XBCYW */;
			targetProxy = 841A95B11CFDAEDA004D753B /* PBXContainerItemProxy */;
		};
		841A95BD1CFDAEDA004D753B /* PBXTargetDependency */ = {
			isa = PBXTargetDependency;
			target = 841A95961CFDAED9004D753B /* XBCYW */;
			targetProxy = 841A95BC1CFDAEDA004D753B /* PBXContainerItemProxy */;
		};
/* End PBXTargetDependency section */

/* Begin XCBuildConfiguration section */
		841A95C21CFDAEDA004D753B /* Debug */ = {
			isa = XCBuildConfiguration;
			buildSettings = {
				ALWAYS_SEARCH_USER_PATHS = NO;
				CLANG_ANALYZER_NONNULL = YES;
				CLANG_CXX_LANGUAGE_STANDARD = "gnu++0x";
				CLANG_CXX_LIBRARY = "libc++";
				CLANG_ENABLE_MODULES = YES;
				CLANG_ENABLE_OBJC_ARC = YES;
				CLANG_WARN_BOOL_CONVERSION = YES;
				CLANG_WARN_CONSTANT_CONVERSION = YES;
				CLANG_WARN_DIRECT_OBJC_ISA_USAGE = YES_ERROR;
				CLANG_WARN_EMPTY_BODY = YES;
				CLANG_WARN_ENUM_CONVERSION = YES;
				CLANG_WARN_INT_CONVERSION = YES;
				CLANG_WARN_OBJC_ROOT_CLASS = YES_ERROR;
				CLANG_WARN_UNREACHABLE_CODE = YES;
				CLANG_WARN__DUPLICATE_METHOD_MATCH = YES;
				"CODE_SIGN_IDENTITY[sdk=iphoneos*]" = "iPhone Developer";
				COPY_PHASE_STRIP = NO;
				DEBUG_INFORMATION_FORMAT = dwarf;
				ENABLE_STRICT_OBJC_MSGSEND = YES;
				ENABLE_TESTABILITY = YES;
				GCC_C_LANGUAGE_STANDARD = gnu99;
				GCC_DYNAMIC_NO_PIC = NO;
				GCC_NO_COMMON_BLOCKS = YES;
				GCC_OPTIMIZATION_LEVEL = 0;
				GCC_PREPROCESSOR_DEFINITIONS = (
					"DEBUG=1",
					"$(inherited)",
				);
				GCC_WARN_64_TO_32_BIT_CONVERSION = YES;
				GCC_WARN_ABOUT_RETURN_TYPE = YES_ERROR;
				GCC_WARN_UNDECLARED_SELECTOR = YES;
				GCC_WARN_UNINITIALIZED_AUTOS = YES_AGGRESSIVE;
				GCC_WARN_UNUSED_FUNCTION = YES;
				GCC_WARN_UNUSED_VARIABLE = YES;
				IPHONEOS_DEPLOYMENT_TARGET = 9.1;
				MTL_ENABLE_DEBUG_INFO = YES;
				ONLY_ACTIVE_ARCH = YES;
				SDKROOT = iphoneos;
				TARGETED_DEVICE_FAMILY = "1,2";
			};
			name = Debug;
		};
		841A95C31CFDAEDA004D753B /* Release */ = {
			isa = XCBuildConfiguration;
			buildSettings = {
				ALWAYS_SEARCH_USER_PATHS = NO;
				CLANG_ANALYZER_NONNULL = YES;
				CLANG_CXX_LANGUAGE_STANDARD = "gnu++0x";
				CLANG_CXX_LIBRARY = "libc++";
				CLANG_ENABLE_MODULES = YES;
				CLANG_ENABLE_OBJC_ARC = YES;
				CLANG_WARN_BOOL_CONVERSION = YES;
				CLANG_WARN_CONSTANT_CONVERSION = YES;
				CLANG_WARN_DIRECT_OBJC_ISA_USAGE = YES_ERROR;
				CLANG_WARN_EMPTY_BODY = YES;
				CLANG_WARN_ENUM_CONVERSION = YES;
				CLANG_WARN_INT_CONVERSION = YES;
				CLANG_WARN_OBJC_ROOT_CLASS = YES_ERROR;
				CLANG_WARN_UNREACHABLE_CODE = YES;
				CLANG_WARN__DUPLICATE_METHOD_MATCH = YES;
				"CODE_SIGN_IDENTITY[sdk=iphoneos*]" = "iPhone Developer";
				COPY_PHASE_STRIP = NO;
				DEBUG_INFORMATION_FORMAT = "dwarf-with-dsym";
				ENABLE_NS_ASSERTIONS = NO;
				ENABLE_STRICT_OBJC_MSGSEND = YES;
				GCC_C_LANGUAGE_STANDARD = gnu99;
				GCC_NO_COMMON_BLOCKS = YES;
				GCC_WARN_64_TO_32_BIT_CONVERSION = YES;
				GCC_WARN_ABOUT_RETURN_TYPE = YES_ERROR;
				GCC_WARN_UNDECLARED_SELECTOR = YES;
				GCC_WARN_UNINITIALIZED_AUTOS = YES_AGGRESSIVE;
				GCC_WARN_UNUSED_FUNCTION = YES;
				GCC_WARN_UNUSED_VARIABLE = YES;
				IPHONEOS_DEPLOYMENT_TARGET = 9.1;
				MTL_ENABLE_DEBUG_INFO = NO;
				SDKROOT = iphoneos;
				TARGETED_DEVICE_FAMILY = "1,2";
				VALIDATE_PRODUCT = YES;
			};
			name = Release;
		};
		841A95C51CFDAEDA004D753B /* Debug */ = {
			isa = XCBuildConfiguration;
			buildSettings = {
				ASSETCATALOG_COMPILER_APPICON_NAME = AppIcon;
				FRAMEWORK_SEARCH_PATHS = (
					"$(inherited)",
					"$(PROJECT_DIR)/XBCYW/FrameWork/ShareSDK",
					"$(PROJECT_DIR)/XBCYW/FrameWork/ShareSDK/Support/Optional",
					"$(PROJECT_DIR)/XBCYW/FrameWork/ShareSDK/Support/PlatformSDK/QQSDK",
					"$(PROJECT_DIR)/XBCYW/FrameWork/ShareSDK/Support/Required",
				);
				GCC_PREFIX_HEADER = "XBCYW/Headers（头文件）/Xbcyw.pch";
				INFOPLIST_FILE = XBCYW/Info.plist;
				IPHONEOS_DEPLOYMENT_TARGET = 9.1;
				LD_RUNPATH_SEARCH_PATHS = "$(inherited) @executable_path/Frameworks";
				LIBRARY_SEARCH_PATHS = (
					"$(inherited)",
					"$(PROJECT_DIR)/XBCYW/FrameWork/ShareSDK/Support/PlatformSDK/SinaWeiboSDK",
					"$(PROJECT_DIR)/XBCYW/FrameWork/ShareSDK/Support/PlatformSDK/WeChatSDK",
					"$(PROJECT_DIR)/XBCYW/FrameWork/ZBarSDK",
				);
				PRODUCT_BUNDLE_IDENTIFIER = admin.XBCYW;
				PRODUCT_NAME = "$(TARGET_NAME)";
			};
			name = Debug;
		};
		841A95C61CFDAEDA004D753B /* Release */ = {
			isa = XCBuildConfiguration;
			buildSettings = {
				ASSETCATALOG_COMPILER_APPICON_NAME = AppIcon;
				FRAMEWORK_SEARCH_PATHS = (
					"$(inherited)",
					"$(PROJECT_DIR)/XBCYW/FrameWork/ShareSDK",
					"$(PROJECT_DIR)/XBCYW/FrameWork/ShareSDK/Support/Optional",
					"$(PROJECT_DIR)/XBCYW/FrameWork/ShareSDK/Support/PlatformSDK/QQSDK",
					"$(PROJECT_DIR)/XBCYW/FrameWork/ShareSDK/Support/Required",
				);
				GCC_PREFIX_HEADER = "XBCYW/Headers（头文件）/Xbcyw.pch";
				INFOPLIST_FILE = XBCYW/Info.plist;
				IPHONEOS_DEPLOYMENT_TARGET = 9.1;
				LD_RUNPATH_SEARCH_PATHS = "$(inherited) @executable_path/Frameworks";
				LIBRARY_SEARCH_PATHS = (
					"$(inherited)",
					"$(PROJECT_DIR)/XBCYW/FrameWork/ShareSDK/Support/PlatformSDK/SinaWeiboSDK",
					"$(PROJECT_DIR)/XBCYW/FrameWork/ShareSDK/Support/PlatformSDK/WeChatSDK",
					"$(PROJECT_DIR)/XBCYW/FrameWork/ZBarSDK",
				);
				PRODUCT_BUNDLE_IDENTIFIER = admin.XBCYW;
				PRODUCT_NAME = "$(TARGET_NAME)";
			};
			name = Release;
		};
		841A95C81CFDAEDA004D753B /* Debug */ = {
			isa = XCBuildConfiguration;
			buildSettings = {
				BUNDLE_LOADER = "$(TEST_HOST)";
				INFOPLIST_FILE = XBCYWTests/Info.plist;
				LD_RUNPATH_SEARCH_PATHS = "$(inherited) @executable_path/Frameworks @loader_path/Frameworks";
				PRODUCT_BUNDLE_IDENTIFIER = admin.XBCYWTests;
				PRODUCT_NAME = "$(TARGET_NAME)";
				TEST_HOST = "$(BUILT_PRODUCTS_DIR)/XBCYW.app/XBCYW";
			};
			name = Debug;
		};
		841A95C91CFDAEDA004D753B /* Release */ = {
			isa = XCBuildConfiguration;
			buildSettings = {
				BUNDLE_LOADER = "$(TEST_HOST)";
				INFOPLIST_FILE = XBCYWTests/Info.plist;
				LD_RUNPATH_SEARCH_PATHS = "$(inherited) @executable_path/Frameworks @loader_path/Frameworks";
				PRODUCT_BUNDLE_IDENTIFIER = admin.XBCYWTests;
				PRODUCT_NAME = "$(TARGET_NAME)";
				TEST_HOST = "$(BUILT_PRODUCTS_DIR)/XBCYW.app/XBCYW";
			};
			name = Release;
		};
		841A95CB1CFDAEDA004D753B /* Debug */ = {
			isa = XCBuildConfiguration;
			buildSettings = {
				INFOPLIST_FILE = XBCYWUITests/Info.plist;
				LD_RUNPATH_SEARCH_PATHS = "$(inherited) @executable_path/Frameworks @loader_path/Frameworks";
				PRODUCT_BUNDLE_IDENTIFIER = admin.XBCYWUITests;
				PRODUCT_NAME = "$(TARGET_NAME)";
				TEST_TARGET_NAME = XBCYW;
			};
			name = Debug;
		};
		841A95CC1CFDAEDA004D753B /* Release */ = {
			isa = XCBuildConfiguration;
			buildSettings = {
				INFOPLIST_FILE = XBCYWUITests/Info.plist;
				LD_RUNPATH_SEARCH_PATHS = "$(inherited) @executable_path/Frameworks @loader_path/Frameworks";
				PRODUCT_BUNDLE_IDENTIFIER = admin.XBCYWUITests;
				PRODUCT_NAME = "$(TARGET_NAME)";
				TEST_TARGET_NAME = XBCYW;
			};
			name = Release;
		};
/* End XCBuildConfiguration section */

/* Begin XCConfigurationList section */
		841A95921CFDAED9004D753B /* Build configuration list for PBXProject "XBCYW" */ = {
			isa = XCConfigurationList;
			buildConfigurations = (
				841A95C21CFDAEDA004D753B /* Debug */,
				841A95C31CFDAEDA004D753B /* Release */,
			);
			defaultConfigurationIsVisible = 0;
			defaultConfigurationName = Release;
		};
		841A95C41CFDAEDA004D753B /* Build configuration list for PBXNativeTarget "XBCYW" */ = {
			isa = XCConfigurationList;
			buildConfigurations = (
				841A95C51CFDAEDA004D753B /* Debug */,
				841A95C61CFDAEDA004D753B /* Release */,
			);
			defaultConfigurationIsVisible = 0;
			defaultConfigurationName = Release;
		};
		841A95C71CFDAEDA004D753B /* Build configuration list for PBXNativeTarget "XBCYWTests" */ = {
			isa = XCConfigurationList;
			buildConfigurations = (
				841A95C81CFDAEDA004D753B /* Debug */,
				841A95C91CFDAEDA004D753B /* Release */,
			);
			defaultConfigurationIsVisible = 0;
			defaultConfigurationName = Release;
		};
		841A95CA1CFDAEDA004D753B /* Build configuration list for PBXNativeTarget "XBCYWUITests" */ = {
			isa = XCConfigurationList;
			buildConfigurations = (
				841A95CB1CFDAEDA004D753B /* Debug */,
				841A95CC1CFDAEDA004D753B /* Release */,
			);
			defaultConfigurationIsVisible = 0;
			defaultConfigurationName = Release;
		};
/* End XCConfigurationList section */
	};
	rootObject = 841A958F1CFDAED9004D753B /* Project object */;
}
